
Microsoft Visual Studio Solution File, Format Version 12.00
# Visual Studio Version 16
VisualStudioVersion = 16.0.30413.136
MinimumVisualStudioVersion = 10.0.40219.1
Project("{FAE04EC0-301F-11D3-BF4B-00C04F79EFBC}") = "TicTacToeHumanVsHuman", "TicTacToeHumanVsHuman\TicTacToeHumanVsHuman.csproj", "{5DF7D6B5-9C72-4E76-8982-B2DBF104D963}"
EndProject
Global
	GlobalSection(SolutionConfigurationPlatforms) = preSolution
		Debug|Any CPU = Debug|Any CPU
		Release|Any CPU = Release|Any CPU
	EndGlobalSection
	GlobalSection(ProjectConfigurationPlatforms) = postSolution
		{5DF7D6B5-9C72-4E76-8982-B2DBF104D963}.Debug|Any CPU.ActiveCfg = Debug|Any CPU
		{5DF7D6B5-9C72-4E76-8982-B2DBF104D963}.Debug|Any CPU.Build.0 = Debug|Any CPU
		{5DF7D6B5-9C72-4E76-8982-B2DBF104D963}.Release|Any CPU.ActiveCfg = Release|Any CPU
		{5DF7D6B5-9C72-4E76-8982-B2DBF104D963}.Release|Any CPU.Build.0 = Release|Any CPU
	EndGlobalSection
	GlobalSection(SolutionProperties) = preSolution
		HideSolutionNode = FALSE
	EndGlobalSection
	GlobalSection(ExtensibilityGlobals) = postSolution
		SolutionGuid = {CE3BE5CC-DFEE-448C-920E-CCA7C3FBF406}
	EndGlobalSection
EndGlobal
